
Microsoft Visual Studio Solution File, Format Version 12.00
# Visual Studio 2013
VisualStudioVersion = 12.0.31101.0
MinimumVisualStudioVersion = 10.0.40219.1
Project("{FAE04EC0-301F-11D3-BF4B-00C04F79EFBC}") = "BuzNetSec", "BuzNetSec\BuzNetSec.csproj", "{DF9CC63F-CCF2-4E45-8A5D-A4FFC8FDCB12}"
EndProject
Project("{FAE04EC0-301F-11D3-BF4B-00C04F79EFBC}") = "ConsoleApplicationTest", "ConsoleApplicationTest\ConsoleApplicationTest.csproj", "{4813F57A-C1EC-4E86-89E3-44F3A01001FF}"
EndProject
Project("{FAE04EC0-301F-11D3-BF4B-00C04F79EFBC}") = "AVRSNetworkConnectionTester", "AVRSNetworkConnectionTester\AVRSNetworkConnectionTester.csproj", "{CAEBC7E0-74D3-4ADC-9D5C-CDA8837B26A1}"
EndProject
Global
	GlobalSection(SolutionConfigurationPlatforms) = preSolution
		Debug|Any CPU = Debug|Any CPU
		Release|Any CPU = Release|Any CPU
	EndGlobalSection
	GlobalSection(ProjectConfigurationPlatforms) = postSolution
		{DF9CC63F-CCF2-4E45-8A5D-A4FFC8FDCB12}.Debug|Any CPU.ActiveCfg = Debug|Any CPU
		{DF9CC63F-CCF2-4E45-8A5D-A4FFC8FDCB12}.Debug|Any CPU.Build.0 = Debug|Any CPU
		{DF9CC63F-CCF2-4E45-8A5D-A4FFC8FDCB12}.Release|Any CPU.ActiveCfg = Release|Any CPU
		{DF9CC63F-CCF2-4E45-8A5D-A4FFC8FDCB12}.Release|Any CPU.Build.0 = Release|Any CPU
		{4813F57A-C1EC-4E86-89E3-44F3A01001FF}.Debug|Any CPU.ActiveCfg = Debug|Any CPU
		{4813F57A-C1EC-4E86-89E3-44F3A01001FF}.Debug|Any CPU.Build.0 = Debug|Any CPU
		{4813F57A-C1EC-4E86-89E3-44F3A01001FF}.Release|Any CPU.ActiveCfg = Release|Any CPU
		{4813F57A-C1EC-4E86-89E3-44F3A01001FF}.Release|Any CPU.Build.0 = Release|Any CPU
		{CAEBC7E0-74D3-4ADC-9D5C-CDA8837B26A1}.Debug|Any CPU.ActiveCfg = Debug|Any CPU
		{CAEBC7E0-74D3-4ADC-9D5C-CDA8837B26A1}.Debug|Any CPU.Build.0 = Debug|Any CPU
		{CAEBC7E0-74D3-4ADC-9D5C-CDA8837B26A1}.Release|Any CPU.ActiveCfg = Release|Any CPU
		{CAEBC7E0-74D3-4ADC-9D5C-CDA8837B26A1}.Release|Any CPU.Build.0 = Release|Any CPU
	EndGlobalSection
	GlobalSection(SolutionProperties) = preSolution
		HideSolutionNode = FALSE
	EndGlobalSection
EndGlobal
